
Microsoft Visual Studio Solution File, Format Version 12.00
# Visual Studio 15
VisualStudioVersion = 15.0.26730.16
MinimumVisualStudioVersion = 10.0.40219.1
Project("{FAE04EC0-301F-11D3-BF4B-00C04F79EFBC}") = "ExceptionHandling.Web", "ExceptionHandling\ExceptionHandling.Web.csproj", "{7375569D-844B-4FEA-8658-EF27D8E635C1}"
EndProject
Project("{FAE04EC0-301F-11D3-BF4B-00C04F79EFBC}") = "ExceptionHandling.Domain", "ExceptionHandling.Domain\ExceptionHandling.Domain.csproj", "{1CD77EB7-C97D-4D2D-8A64-7AE2FEE5419F}"
EndProject
Global
	GlobalSection(SolutionConfigurationPlatforms) = preSolution
		Debug|Any CPU = Debug|Any CPU
		Release|Any CPU = Release|Any CPU
	EndGlobalSection
	GlobalSection(ProjectConfigurationPlatforms) = postSolution
		{7375569D-844B-4FEA-8658-EF27D8E635C1}.Debug|Any CPU.ActiveCfg = Debug|Any CPU
		{7375569D-844B-4FEA-8658-EF27D8E635C1}.Debug|Any CPU.Build.0 = Debug|Any CPU
		{7375569D-844B-4FEA-8658-EF27D8E635C1}.Release|Any CPU.ActiveCfg = Release|Any CPU
		{7375569D-844B-4FEA-8658-EF27D8E635C1}.Release|Any CPU.Build.0 = Release|Any CPU
		{1CD77EB7-C97D-4D2D-8A64-7AE2FEE5419F}.Debug|Any CPU.ActiveCfg = Debug|Any CPU
		{1CD77EB7-C97D-4D2D-8A64-7AE2FEE5419F}.Debug|Any CPU.Build.0 = Debug|Any CPU
		{1CD77EB7-C97D-4D2D-8A64-7AE2FEE5419F}.Release|Any CPU.ActiveCfg = Release|Any CPU
		{1CD77EB7-C97D-4D2D-8A64-7AE2FEE5419F}.Release|Any CPU.Build.0 = Release|Any CPU
	EndGlobalSection
	GlobalSection(SolutionProperties) = preSolution
		HideSolutionNode = FALSE
	EndGlobalSection
	GlobalSection(ExtensibilityGlobals) = postSolution
		SolutionGuid = {38764E73-DA55-454F-B6B9-74402AF2EC58}
	EndGlobalSection
EndGlobal
